
Microsoft Visual Studio Solution File, Format Version 12.00
# Visual Studio Version 16
VisualStudioVersion = 16.0.31702.278
MinimumVisualStudioVersion = 10.0.40219.1
Project("{8BC9CEB8-8B4A-11D0-8D11-00A0C91BC942}") = "Chm-3", "Chm-3.vcxproj", "{DDEB775B-5639-4395-AC0C-F4222FBBC1B5}"
EndProject
Global
	GlobalSection(SolutionConfigurationPlatforms) = preSolution
		Debug|x64 = Debug|x64
		Debug|x86 = Debug|x86
		Release|x64 = Release|x64
		Release|x86 = Release|x86
	EndGlobalSection
	GlobalSection(ProjectConfigurationPlatforms) = postSolution
		{DDEB775B-5639-4395-AC0C-F4222FBBC1B5}.Debug|x64.ActiveCfg = Debug|x64
		{DDEB775B-5639-4395-AC0C-F4222FBBC1B5}.Debug|x64.Build.0 = Debug|x64
		{DDEB775B-5639-4395-AC0C-F4222FBBC1B5}.Debug|x86.ActiveCfg = Debug|Win32
		{DDEB775B-5639-4395-AC0C-F4222FBBC1B5}.Debug|x86.Build.0 = Debug|Win32
		{DDEB775B-5639-4395-AC0C-F4222FBBC1B5}.Release|x64.ActiveCfg = Release|x64
		{DDEB775B-5639-4395-AC0C-F4222FBBC1B5}.Release|x64.Build.0 = Release|x64
		{DDEB775B-5639-4395-AC0C-F4222FBBC1B5}.Release|x86.ActiveCfg = Release|Win32
		{DDEB775B-5639-4395-AC0C-F4222FBBC1B5}.Release|x86.Build.0 = Release|Win32
	EndGlobalSection
	GlobalSection(SolutionProperties) = preSolution
		HideSolutionNode = FALSE
	EndGlobalSection
	GlobalSection(ExtensibilityGlobals) = postSolution
		SolutionGuid = {3641AA9D-26C4-440B-A44C-06448D3B32F2}
	EndGlobalSection
EndGlobal
